
Microsoft Visual Studio Solution File, Format Version 12.00
# Visual Studio Version 17
VisualStudioVersion = 17.0.31903.59
MinimumVisualStudioVersion = 10.0.40219.1
Project("{2150E333-8FDC-42A3-9474-1A3956D46DE8}") = "src", "src", "{0574A821-A7C8-4ADC-922F-754551D3C383}"
EndProject
Project("{FAE04EC0-301F-11D3-BF4B-00C04F79EFBC}") = "AuctionService", "src\AuctionService\AuctionService.csproj", "{061210C7-73DE-4FE6-9551-E6C0782CEFAD}"
EndProject
Project("{FAE04EC0-301F-11D3-BF4B-00C04F79EFBC}") = "SearchService", "src\SearchService\SearchService.csproj", "{194F85CE-86D7-45D0-8364-6EC807AA4E18}"
EndProject
Project("{FAE04EC0-301F-11D3-BF4B-00C04F79EFBC}") = "Contracts", "src\Contracts\Contracts.csproj", "{4735D5ED-AA82-4BCB-8109-6C5542ECBE50}"
EndProject
Project("{FAE04EC0-301F-11D3-BF4B-00C04F79EFBC}") = "IdentityService", "src\IdentityService\IdentityService.csproj", "{59698840-74E1-4DB7-949A-E6509ED8F117}"
EndProject
Project("{FAE04EC0-301F-11D3-BF4B-00C04F79EFBC}") = "GatewayService", "src\GatewayService\GatewayService.csproj", "{57A9B960-2584-4A13-949F-D49F89F555A2}"
EndProject
Project("{FAE04EC0-301F-11D3-BF4B-00C04F79EFBC}") = "BiddingService", "src\BiddingService\BiddingService.csproj", "{31953082-D6ED-4801-85CA-FB090076F2F4}"
EndProject
Global
	GlobalSection(SolutionConfigurationPlatforms) = preSolution
		Debug|Any CPU = Debug|Any CPU
		Release|Any CPU = Release|Any CPU
	EndGlobalSection
	GlobalSection(ProjectConfigurationPlatforms) = postSolution
		{061210C7-73DE-4FE6-9551-E6C0782CEFAD}.Debug|Any CPU.ActiveCfg = Debug|Any CPU
		{061210C7-73DE-4FE6-9551-E6C0782CEFAD}.Debug|Any CPU.Build.0 = Debug|Any CPU
		{061210C7-73DE-4FE6-9551-E6C0782CEFAD}.Release|Any CPU.ActiveCfg = Release|Any CPU
		{061210C7-73DE-4FE6-9551-E6C0782CEFAD}.Release|Any CPU.Build.0 = Release|Any CPU
		{194F85CE-86D7-45D0-8364-6EC807AA4E18}.Debug|Any CPU.ActiveCfg = Debug|Any CPU
		{194F85CE-86D7-45D0-8364-6EC807AA4E18}.Debug|Any CPU.Build.0 = Debug|Any CPU
		{194F85CE-86D7-45D0-8364-6EC807AA4E18}.Release|Any CPU.ActiveCfg = Release|Any CPU
		{194F85CE-86D7-45D0-8364-6EC807AA4E18}.Release|Any CPU.Build.0 = Release|Any CPU
		{4735D5ED-AA82-4BCB-8109-6C5542ECBE50}.Debug|Any CPU.ActiveCfg = Debug|Any CPU
		{4735D5ED-AA82-4BCB-8109-6C5542ECBE50}.Debug|Any CPU.Build.0 = Debug|Any CPU
		{4735D5ED-AA82-4BCB-8109-6C5542ECBE50}.Release|Any CPU.ActiveCfg = Release|Any CPU
		{4735D5ED-AA82-4BCB-8109-6C5542ECBE50}.Release|Any CPU.Build.0 = Release|Any CPU
		{59698840-74E1-4DB7-949A-E6509ED8F117}.Debug|Any CPU.ActiveCfg = Debug|Any CPU
		{59698840-74E1-4DB7-949A-E6509ED8F117}.Debug|Any CPU.Build.0 = Debug|Any CPU
		{59698840-74E1-4DB7-949A-E6509ED8F117}.Release|Any CPU.ActiveCfg = Release|Any CPU
		{59698840-74E1-4DB7-949A-E6509ED8F117}.Release|Any CPU.Build.0 = Release|Any CPU
		{57A9B960-2584-4A13-949F-D49F89F555A2}.Debug|Any CPU.ActiveCfg = Debug|Any CPU
		{57A9B960-2584-4A13-949F-D49F89F555A2}.Debug|Any CPU.Build.0 = Debug|Any CPU
		{57A9B960-2584-4A13-949F-D49F89F555A2}.Release|Any CPU.ActiveCfg = Release|Any CPU
		{57A9B960-2584-4A13-949F-D49F89F555A2}.Release|Any CPU.Build.0 = Release|Any CPU
		{31953082-D6ED-4801-85CA-FB090076F2F4}.Debug|Any CPU.ActiveCfg = Debug|Any CPU
		{31953082-D6ED-4801-85CA-FB090076F2F4}.Debug|Any CPU.Build.0 = Debug|Any CPU
		{31953082-D6ED-4801-85CA-FB090076F2F4}.Release|Any CPU.ActiveCfg = Release|Any CPU
		{31953082-D6ED-4801-85CA-FB090076F2F4}.Release|Any CPU.Build.0 = Release|Any CPU
	EndGlobalSection
	GlobalSection(SolutionProperties) = preSolution
		HideSolutionNode = FALSE
	EndGlobalSection
	GlobalSection(NestedProjects) = preSolution
		{061210C7-73DE-4FE6-9551-E6C0782CEFAD} = {0574A821-A7C8-4ADC-922F-754551D3C383}
		{194F85CE-86D7-45D0-8364-6EC807AA4E18} = {0574A821-A7C8-4ADC-922F-754551D3C383}
		{4735D5ED-AA82-4BCB-8109-6C5542ECBE50} = {0574A821-A7C8-4ADC-922F-754551D3C383}
		{59698840-74E1-4DB7-949A-E6509ED8F117} = {0574A821-A7C8-4ADC-922F-754551D3C383}
		{57A9B960-2584-4A13-949F-D49F89F555A2} = {0574A821-A7C8-4ADC-922F-754551D3C383}
		{31953082-D6ED-4801-85CA-FB090076F2F4} = {0574A821-A7C8-4ADC-922F-754551D3C383}
	EndGlobalSection
EndGlobal
